github.com/davecgh/go-spew v1.1.1 h1:vj9j/u1bqnvCEfJOwUhtlOARqs3+rkHYY13jYWTU97c=
github.com/davecgh/go-spew v1.1.1/go.mod h1:J7Y8YcW2NihsgmVo/mv3lAwl/skON4iLHjSsI+c5H38=
github.com/garyburd/redigo v1.6.4 h1:LFu2R3+ZOPgSMWMOL+saa/zXRjw0ID2G8FepO53BGlg=
github.com/garyburd/redigo v1.6.4/go.mod h1:rTb6epsqigu3kYKBnaF028A7Tf/Aw5s0cqA47doKKqw=
github.com/haiyiyun/log v0.0.0-20250713182740-69ca3d5834ba h1:TVMQ1qQr6uLaF3MQM5W0bxZq3/PQA11tUee7Bk8mPRw=
github.com/haiyiyun/log v0.0.0-20250713182740-69ca3d5834ba/go.mod h1:m9u7lbhPdRTcrs+GUO6rqmvoqJzlv9Rm5dZwbf7hMlE=
github.com/haiyiyun/utils v0.0.0-20250713200210-afaaf8530fdf h1:SBNJbsntBmDJlloUdVPq1jI00Dj+oEn3FDFljT8+j2Q=
github.com/haiyiyun/utils v0.0.0-20250713200210-afaaf8530fdf/go.mod h1:TSCuY1rMzIjgKqxgMoNZxm6al1vBFVD+3Ylmcutqmgg=
github.com/haiyiyun/uuid v0.0.0-20211115101403-e9c2d7112f99 h1:jDxzmDIkFtV81imkLj/PIYuRwNi0vk7hUxKmpVZSW5s=
github.com/haiyiyun/uuid v0.0.0-20211115101403-e9c2d7112f99/go.mod h1:bAjSKCq9WJQ0y2X4vAsDk4EKpGCFYOgs/NF27oBYLKs=
go.mongodb.org/mongo-driver v1.17.4 h1:jUorfmVzljjr0FLzYQsGP8cgN/qzzxlY9Vh0C9KFXVw=
go.mongodb.org/mongo-driver v1.17.4/go.mod h1:Hy04i7O2kC4RS06ZrhPRqj/u4DTYkFDAAccj+rVKqgQ=
